
Microsoft Visual Studio Solution File, Format Version 12.00
# Visual Studio Version 16
VisualStudioVersion = 16.0.28922.388
MinimumVisualStudioVersion = 10.0.40219.1
Project("{9092AA53-FB77-4645-B42D-1CCCA6BD08BD}") = "ServerSideJS", "ServerSideJS\ServerSideJS.njsproj", "{594077EF-0192-4316-8CBC-CF1E207A477F}"
EndProject
Global
	GlobalSection(SolutionConfigurationPlatforms) = preSolution
		Debug|Any CPU = Debug|Any CPU
		Release|Any CPU = Release|Any CPU
	EndGlobalSection
	GlobalSection(ProjectConfigurationPlatforms) = postSolution
		{594077EF-0192-4316-8CBC-CF1E207A477F}.Debug|Any CPU.ActiveCfg = Debug|Any CPU
		{594077EF-0192-4316-8CBC-CF1E207A477F}.Debug|Any CPU.Build.0 = Debug|Any CPU
		{594077EF-0192-4316-8CBC-CF1E207A477F}.Release|Any CPU.ActiveCfg = Release|Any CPU
		{594077EF-0192-4316-8CBC-CF1E207A477F}.Release|Any CPU.Build.0 = Release|Any CPU
	EndGlobalSection
	GlobalSection(SolutionProperties) = preSolution
		HideSolutionNode = FALSE
	EndGlobalSection
	GlobalSection(ExtensibilityGlobals) = postSolution
		SolutionGuid = {E5BA9531-A357-4E25-A2DF-2F4FD2E1D14D}
	EndGlobalSection
EndGlobal
